#MicroXplorer Configuration settings - do not modify
ADC1.Channel-2\#ChannelRegularConversion=ADC_CHANNEL_10
ADC1.ClockPrescaler=ADC_CLOCK_ASYNC_DIV2
ADC1.IPParameters=Rank-2\#ChannelRegularConversion,Channel-2\#ChannelRegularConversion,SamplingTime-2\#ChannelRegularConversion,NbrOfConversionFlag,master,SelectedChannel,ClockPrescaler
ADC1.NbrOfConversionFlag=1
ADC1.Rank-2\#ChannelRegularConversion=1
ADC1.SamplingTime-2\#ChannelRegularConversion=ADC_SAMPLINGTIME_COMMON_1
ADC1.SelectedChannel=ADC_CHANNEL_10
ADC1.master=1
CAD.formats=
CAD.pinconfig=
CAD.provider=
FREERTOS.INCLUDE_xEventGroupSetBitFromISR=1
FREERTOS.INCLUDE_xTimerPendFunctionCall=1
FREERTOS.IPParameters=Tasks01,configUSE_TIMERS,INCLUDE_xTimerPendFunctionCall,INCLUDE_xEventGroupSetBitFromISR,configUSE_NEWLIB_REENTRANT,configTOTAL_HEAP_SIZE
FREERTOS.Tasks01=defaultTask,0,128,StartDefaultTask,Default,NULL,Dynamic,NULL,NULL
FREERTOS.configTOTAL_HEAP_SIZE=12288
FREERTOS.configUSE_NEWLIB_REENTRANT=1
FREERTOS.configUSE_TIMERS=1
File.Version=6
GPIO.groupedBy=Group By Peripherals
I2C1.IPParameters=Timing
I2C1.Timing=0x10805D88
I2C2.IPParameters=Timing
I2C2.Timing=0x10805D88
KeepUserPlacement=false
Mcu.CPN=STM32G070CBT6
Mcu.Family=STM32G0
Mcu.IP0=ADC1
Mcu.IP1=FREERTOS
Mcu.IP10=TIM3
Mcu.IP11=TIM6
Mcu.IP12=TIM14
Mcu.IP13=TIM16
Mcu.IP14=TIM17
Mcu.IP15=USART3
Mcu.IP2=I2C1
Mcu.IP3=I2C2
Mcu.IP4=NVIC
Mcu.IP5=RCC
Mcu.IP6=RTC
Mcu.IP7=SPI1
Mcu.IP8=SYS
Mcu.IP9=TIM1
Mcu.IPNb=16
Mcu.Name=STM32G070CBTx
Mcu.Package=LQFP48
Mcu.Pin0=PC14-OSC32_IN (PC14)
Mcu.Pin1=PC15-OSC32_OUT (PC15)
Mcu.Pin10=PB1
Mcu.Pin11=PB2
Mcu.Pin12=PB10
Mcu.Pin13=PB11
Mcu.Pin14=PA9
Mcu.Pin15=PA10
Mcu.Pin16=PA11 [PA9]
Mcu.Pin17=PA12 [PA10]
Mcu.Pin18=PD0
Mcu.Pin19=PD2
Mcu.Pin2=PA1
Mcu.Pin20=PB3
Mcu.Pin21=PB4
Mcu.Pin22=PB6
Mcu.Pin23=PB7
Mcu.Pin24=PB8
Mcu.Pin25=PB9
Mcu.Pin26=VP_FREERTOS_VS_CMSIS_V1
Mcu.Pin27=VP_RTC_VS_RTC_Activate
Mcu.Pin28=VP_SYS_VS_tim7
Mcu.Pin29=VP_TIM1_VS_ClockSourceINT
Mcu.Pin3=PA2
Mcu.Pin30=VP_TIM6_VS_ClockSourceINT
Mcu.Pin31=VP_TIM14_VS_ClockSourceINT
Mcu.Pin32=VP_TIM16_VS_ClockSourceINT
Mcu.Pin33=VP_TIM17_VS_ClockSourceINT
Mcu.Pin4=PA3
Mcu.Pin5=PA4
Mcu.Pin6=PA5
Mcu.Pin7=PA6
Mcu.Pin8=PA7
Mcu.Pin9=PB0
Mcu.PinsNb=34
Mcu.ThirdPartyNb=0
Mcu.UserConstants=
Mcu.UserName=STM32G070CBTx
MxCube.Version=6.12.0
MxDb.Version=DB.6.0.120
NVIC.EXTI2_3_IRQn=true\:3\:0\:false\:false\:true\:true\:true\:true\:true
NVIC.EXTI4_15_IRQn=true\:3\:0\:false\:false\:true\:true\:true\:true\:true
NVIC.ForceEnableDMAVector=true
NVIC.HardFault_IRQn=true\:0\:0\:false\:false\:true\:false\:false\:false\:false
NVIC.I2C1_IRQn=true\:3\:0\:false\:false\:true\:true\:true\:true\:true
NVIC.I2C2_IRQn=true\:3\:0\:false\:false\:true\:true\:true\:true\:true
NVIC.NonMaskableInt_IRQn=true\:0\:0\:false\:false\:true\:false\:false\:false\:false
NVIC.PendSV_IRQn=true\:3\:0\:false\:false\:false\:true\:false\:false\:false
NVIC.SPI1_IRQn=true\:3\:0\:false\:false\:true\:true\:true\:true\:true
NVIC.SVC_IRQn=true\:0\:0\:false\:false\:false\:false\:false\:false\:true
NVIC.SavedPendsvIrqHandlerGenerated=true
NVIC.SavedSvcallIrqHandlerGenerated=true
NVIC.SavedSystickIrqHandlerGenerated=true
NVIC.SysTick_IRQn=true\:3\:0\:false\:false\:false\:true\:false\:true\:false
NVIC.TIM14_IRQn=true\:3\:0\:false\:false\:true\:true\:true\:true\:true
NVIC.TIM16_IRQn=true\:3\:0\:false\:false\:true\:true\:true\:true\:true
NVIC.TIM17_IRQn=true\:3\:0\:false\:false\:true\:true\:true\:true\:true
NVIC.TIM3_IRQn=true\:3\:0\:false\:false\:true\:true\:true\:true\:true
NVIC.TIM6_IRQn=true\:3\:0\:false\:false\:true\:true\:true\:true\:true
NVIC.TIM7_IRQn=true\:3\:0\:false\:false\:true\:false\:false\:true\:true
NVIC.TimeBase=TIM7_IRQn
NVIC.TimeBaseIP=TIM7
NVIC.USART3_4_IRQn=true\:3\:0\:false\:false\:true\:true\:true\:true\:true
PA1.Mode=TX_Only_Simplex_Unidirect_Master
PA1.Signal=SPI1_SCK
PA10.Locked=true
PA10.Mode=I2C
PA10.Signal=I2C1_SDA
PA11\ [PA9].Locked=true
PA11\ [PA9].Mode=I2C
PA11\ [PA9].Signal=I2C2_SCL
PA12\ [PA10].Locked=true
PA12\ [PA10].Mode=I2C
PA12\ [PA10].Signal=I2C2_SDA
PA2.Mode=TX_Only_Simplex_Unidirect_Master
PA2.Signal=SPI1_MOSI
PA3.GPIOParameters=GPIO_ModeDefaultEXTI
PA3.GPIO_ModeDefaultEXTI=GPIO_MODE_IT_FALLING
PA3.Locked=true
PA3.Signal=GPXTI3
PA4.GPIOParameters=GPIO_ModeDefaultEXTI
PA4.GPIO_ModeDefaultEXTI=GPIO_MODE_IT_FALLING
PA4.Locked=true
PA4.Signal=GPXTI4
PA5.GPIOParameters=GPIO_ModeDefaultEXTI
PA5.GPIO_ModeDefaultEXTI=GPIO_MODE_IT_FALLING
PA5.Locked=true
PA5.Signal=GPXTI5
PA6.Locked=true
PA6.Signal=S_TIM16_CH1
PA7.Locked=true
PA7.Signal=S_TIM17_CH1
PA9.Locked=true
PA9.Mode=I2C
PA9.Signal=I2C1_SCL
PB0.Locked=true
PB0.Signal=S_TIM3_CH3
PB1.Locked=true
PB1.Signal=S_TIM14_CH1
PB10.Locked=true
PB10.Mode=Asynchronous
PB10.Signal=USART3_TX
PB11.Locked=true
PB11.Mode=Asynchronous
PB11.Signal=USART3_RX
PB2.Mode=IN10
PB2.Signal=ADC1_IN10
PB3.GPIOParameters=GPIO_Speed
PB3.GPIO_Speed=GPIO_SPEED_FREQ_HIGH
PB3.Locked=true
PB3.Signal=GPIO_Output
PB4.Locked=true
PB4.Signal=GPIO_Output
PB6.Locked=true
PB6.Signal=S_TIM1_CH3
PB7.GPIOParameters=GPIO_Speed,PinState
PB7.GPIO_Speed=GPIO_SPEED_FREQ_HIGH
PB7.Locked=true
PB7.PinState=GPIO_PIN_SET
PB7.Signal=GPIO_Output
PB8.GPIOParameters=GPIO_Speed
PB8.GPIO_Speed=GPIO_SPEED_FREQ_HIGH
PB8.Locked=true
PB8.Signal=GPIO_Output
PB9.GPIOParameters=GPIO_Speed
PB9.GPIO_Speed=GPIO_SPEED_FREQ_HIGH
PB9.Locked=true
PB9.Signal=GPIO_Output
PC14-OSC32_IN\ (PC14).Mode=LSE-External-Oscillator
PC14-OSC32_IN\ (PC14).Signal=RCC_OSC32_IN
PC15-OSC32_OUT\ (PC15).Mode=LSE-External-Oscillator
PC15-OSC32_OUT\ (PC15).Signal=RCC_OSC32_OUT
PD0.Locked=true
PD0.Signal=GPIO_Output
PD2.GPIOParameters=GPIO_ModeDefaultEXTI
PD2.GPIO_ModeDefaultEXTI=GPIO_MODE_IT_RISING_FALLING
PD2.Locked=true
PD2.Signal=GPXTI2
PinOutPanel.RotationAngle=0
ProjectManager.AskForMigrate=true
ProjectManager.BackupPrevious=false
ProjectManager.CompilerOptimize=6
ProjectManager.ComputerToolchain=false
ProjectManager.CoupleFile=true
ProjectManager.CustomerFirmwarePackage=
ProjectManager.DefaultFWLocation=true
ProjectManager.DeletePrevious=true
ProjectManager.DeviceId=STM32G070CBTx
ProjectManager.FirmwarePackage=STM32Cube FW_G0 V1.6.2
ProjectManager.FreePins=false
ProjectManager.HalAssertFull=false
ProjectManager.HeapSize=0x200
ProjectManager.KeepUserCode=true
ProjectManager.LastFirmware=true
ProjectManager.LibraryCopy=0
ProjectManager.MainLocation=Core/Src
ProjectManager.NoMain=false
ProjectManager.PreviousToolchain=
ProjectManager.ProjectBuild=false
ProjectManager.ProjectFileName=biltong_board_fw.ioc
ProjectManager.ProjectName=biltong_board_fw
ProjectManager.ProjectStructure=
ProjectManager.RegisterCallBack=
ProjectManager.StackSize=0x400
ProjectManager.TargetToolchain=Makefile
ProjectManager.ToolChainLocation=CubeMX\\
ProjectManager.UAScriptAfterPath=
ProjectManager.UAScriptBeforePath=
ProjectManager.UnderRoot=false
ProjectManager.functionlistsort=1-SystemClock_Config-RCC-false-HAL-false,2-MX_GPIO_Init-GPIO-false-HAL-true,3-MX_SPI1_Init-SPI1-false-HAL-true,4-MX_ADC1_Init-ADC1-false-HAL-true,5-MX_I2C1_Init-I2C1-false-HAL-true,6-MX_I2C2_Init-I2C2-false-HAL-true,7-MX_RTC_Init-RTC-false-HAL-true,8-MX_TIM1_Init-TIM1-false-HAL-true,9-MX_TIM3_Init-TIM3-false-HAL-true,10-MX_TIM14_Init-TIM14-false-HAL-true,11-MX_TIM16_Init-TIM16-false-HAL-true,12-MX_TIM17_Init-TIM17-false-HAL-true,13-MX_USART3_UART_Init-USART3-false-HAL-true,14-MX_TIM6_Init-TIM6-false-HAL-true
RCC.ADCFreq_Value=48000000
RCC.AHBFreq_Value=48000000
RCC.APBFreq_Value=48000000
RCC.APBTimFreq_Value=48000000
RCC.CortexFreq_Value=48000000
RCC.EXTERNAL_CLOCK_VALUE=48000
RCC.FCLKCortexFreq_Value=48000000
RCC.FamilyName=M
RCC.HCLKFreq_Value=48000000
RCC.HSE_VALUE=8000000
RCC.HSI_VALUE=16000000
RCC.I2C1Freq_Value=48000000
RCC.I2S1Freq_Value=48000000
RCC.IPParameters=ADCFreq_Value,AHBFreq_Value,APBFreq_Value,APBTimFreq_Value,CortexFreq_Value,EXTERNAL_CLOCK_VALUE,FCLKCortexFreq_Value,FamilyName,HCLKFreq_Value,HSE_VALUE,HSI_VALUE,I2C1Freq_Value,I2S1Freq_Value,LSCOPinFreq_Value,LSI_VALUE,MCO1PinFreq_Value,PLLN,PLLP,PLLPoutputFreq_Value,PLLR,PLLRCLKFreq_Value,PWRFreq_Value,RTCFreq_Value,SYSCLKFreq_VALUE,SYSCLKSource,USART1Freq_Value,USART2Freq_Value,VCOInputFreq_Value,VCOOutputFreq_Value
RCC.LSCOPinFreq_Value=32000
RCC.LSI_VALUE=32000
RCC.MCO1PinFreq_Value=48000000
RCC.PLLN=12
RCC.PLLP=RCC_PLLP_DIV8
RCC.PLLPoutputFreq_Value=24000000
RCC.PLLR=RCC_PLLR_DIV4
RCC.PLLRCLKFreq_Value=48000000
RCC.PWRFreq_Value=48000000
RCC.RTCFreq_Value=32000
RCC.SYSCLKFreq_VALUE=48000000
RCC.SYSCLKSource=RCC_SYSCLKSOURCE_PLLCLK
RCC.USART1Freq_Value=48000000
RCC.USART2Freq_Value=48000000
RCC.VCOInputFreq_Value=16000000
RCC.VCOOutputFreq_Value=192000000
SH.GPXTI2.0=GPIO_EXTI2
SH.GPXTI2.ConfNb=1
SH.GPXTI3.0=GPIO_EXTI3
SH.GPXTI3.ConfNb=1
SH.GPXTI4.0=GPIO_EXTI4
SH.GPXTI4.ConfNb=1
SH.GPXTI5.0=GPIO_EXTI5
SH.GPXTI5.ConfNb=1
SH.S_TIM14_CH1.0=TIM14_CH1,PWM Generation1 CH1
SH.S_TIM14_CH1.ConfNb=1
SH.S_TIM16_CH1.0=TIM16_CH1,PWM Generation1 CH1
SH.S_TIM16_CH1.ConfNb=1
SH.S_TIM17_CH1.0=TIM17_CH1,Input_Capture1_from_TI1
SH.S_TIM17_CH1.ConfNb=1
SH.S_TIM1_CH3.0=TIM1_CH3,Output Compare3 CH3
SH.S_TIM1_CH3.ConfNb=1
SH.S_TIM3_CH3.0=TIM3_CH3,Input_Capture3_from_TI3
SH.S_TIM3_CH3.ConfNb=1
SPI1.BaudRatePrescaler=SPI_BAUDRATEPRESCALER_16
SPI1.CalculateBaudRate=3.0 MBits/s
SPI1.DataSize=SPI_DATASIZE_8BIT
SPI1.Direction=SPI_DIRECTION_2LINES
SPI1.IPParameters=VirtualType,Mode,Direction,CalculateBaudRate,DataSize,BaudRatePrescaler
SPI1.Mode=SPI_MODE_MASTER
SPI1.VirtualType=VM_MASTER
TIM1.Channel-Output\ Compare3\ CH3=TIM_CHANNEL_3
TIM1.IPParameters=Channel-Output Compare3 CH3,OCMode_3,OCPolarity_3
TIM1.OCMode_3=TIM_OCMODE_TOGGLE
TIM1.OCPolarity_3=TIM_OCPOLARITY_LOW
TIM14.Channel=TIM_CHANNEL_1
TIM14.IPParameters=Channel
TIM16.Channel=TIM_CHANNEL_1
TIM16.IPParameters=Channel,OCMode_1,Period
TIM16.OCMode_1=TIM_OCMODE_TOGGLE
TIM16.Period=1
TIM17.AutoReloadPreload=TIM_AUTORELOAD_PRELOAD_ENABLE
TIM17.Channel=TIM_CHANNEL_1
TIM17.IPParameters=Channel,AutoReloadPreload
TIM3.AutoReloadPreload=TIM_AUTORELOAD_PRELOAD_ENABLE
TIM3.Channel-Input_Capture3_from_TI3=TIM_CHANNEL_3
TIM3.IPParameters=Channel-Input_Capture3_from_TI3,AutoReloadPreload,TIM_MasterOutputTrigger
TIM3.TIM_MasterOutputTrigger=TIM_TRGO_RESET
USART3.BaudRate=921600
USART3.IPParameters=VirtualMode-Asynchronous,BaudRate
USART3.VirtualMode-Asynchronous=VM_ASYNC
VP_FREERTOS_VS_CMSIS_V1.Mode=CMSIS_V1
VP_FREERTOS_VS_CMSIS_V1.Signal=FREERTOS_VS_CMSIS_V1
VP_RTC_VS_RTC_Activate.Mode=RTC_Enabled
VP_RTC_VS_RTC_Activate.Signal=RTC_VS_RTC_Activate
VP_SYS_VS_tim7.Mode=TIM7
VP_SYS_VS_tim7.Signal=SYS_VS_tim7
VP_TIM14_VS_ClockSourceINT.Mode=Enable_Timer
VP_TIM14_VS_ClockSourceINT.Signal=TIM14_VS_ClockSourceINT
VP_TIM16_VS_ClockSourceINT.Mode=Enable_Timer
VP_TIM16_VS_ClockSourceINT.Signal=TIM16_VS_ClockSourceINT
VP_TIM17_VS_ClockSourceINT.Mode=Enable_Timer
VP_TIM17_VS_ClockSourceINT.Signal=TIM17_VS_ClockSourceINT
VP_TIM1_VS_ClockSourceINT.Mode=Internal
VP_TIM1_VS_ClockSourceINT.Signal=TIM1_VS_ClockSourceINT
VP_TIM6_VS_ClockSourceINT.Mode=Enable_Timer
VP_TIM6_VS_ClockSourceINT.Signal=TIM6_VS_ClockSourceINT
board=custom
rtos.0.ip=FREERTOS
